
Microsoft Visual Studio Solution File, Format Version 12.00
# Visual Studio Version 17
VisualStudioVersion = 17.1.32407.343
MinimumVisualStudioVersion = 10.0.40219.1
Project("{FAE04EC0-301F-11D3-BF4B-00C04F79EFBC}") = "NewPhoneShop2", "NewPhoneShop2.csproj", "{B7DD6C15-0AEF-49F0-8BB7-672E9D0778F1}"
EndProject
Global
	GlobalSection(SolutionConfigurationPlatforms) = preSolution
		Debug|Any CPU = Debug|Any CPU
		Release|Any CPU = Release|Any CPU
	EndGlobalSection
	GlobalSection(ProjectConfigurationPlatforms) = postSolution
		{B7DD6C15-0AEF-49F0-8BB7-672E9D0778F1}.Debug|Any CPU.ActiveCfg = Debug|Any CPU
		{B7DD6C15-0AEF-49F0-8BB7-672E9D0778F1}.Debug|Any CPU.Build.0 = Debug|Any CPU
		{B7DD6C15-0AEF-49F0-8BB7-672E9D0778F1}.Release|Any CPU.ActiveCfg = Release|Any CPU
		{B7DD6C15-0AEF-49F0-8BB7-672E9D0778F1}.Release|Any CPU.Build.0 = Release|Any CPU
	EndGlobalSection
	GlobalSection(SolutionProperties) = preSolution
		HideSolutionNode = FALSE
	EndGlobalSection
	GlobalSection(ExtensibilityGlobals) = postSolution
		SolutionGuid = {8E9B8971-CF88-4601-AA78-04A963491F6B}
	EndGlobalSection
EndGlobal
